
Microsoft Visual Studio Solution File, Format Version 12.00
# Visual Studio Version 17
VisualStudioVersion = 17.14.36414.22
MinimumVisualStudioVersion = 10.0.40219.1
Project("{FAE04EC0-301F-11D3-BF4B-00C04F79EFBC}") = "MyApI.API", "MyApI.API\MyApI.API.csproj", "{CB001568-01C8-4C91-B512-0DF4F0416041}"
EndProject
Project("{FAE04EC0-301F-11D3-BF4B-00C04F79EFBC}") = "MyAPI.Application", "MyAPI.Application\MyAPI.Application.csproj", "{AA7C668E-E910-444C-B14D-0A14D76732BB}"
EndProject
Project("{FAE04EC0-301F-11D3-BF4B-00C04F79EFBC}") = "MyAPI.Core", "MyAPI.Core\MyAPI.Core.csproj", "{60FD652F-0A9C-41C0-8942-C81CDCA907AF}"
EndProject
Project("{FAE04EC0-301F-11D3-BF4B-00C04F79EFBC}") = "MyAPI.Infrastructure", "MyAPI.Infrastructure\MyAPI.Infrastructure.csproj", "{C098FBB4-9AB0-4683-B97F-E717AA30ED4D}"
EndProject
Project("{2150E333-8FDC-42A3-9474-1A3956D46DE8}") = "EmployeeService", "EmployeeService", "{02EA681E-C7D8-13C7-8484-4AC65E1B71E8}"
EndProject
Project("{FAE04EC0-301F-11D3-BF4B-00C04F79EFBC}") = "Department.API", "MyDepartment.API\Department.API.csproj", "{20078EA8-8BC9-403A-A621-3099D97BBF5B}"
EndProject
Project("{2150E333-8FDC-42A3-9474-1A3956D46DE8}") = "DepartmentService", "DepartmentService", "{B23364BE-C196-407D-A065-884F095655F9}"
EndProject
Project("{FAE04EC0-301F-11D3-BF4B-00C04F79EFBC}") = "DepartmentCore.Core", "DepartmentCore.Core\DepartmentCore.Core.csproj", "{D4FA2928-E41C-4843-B54C-44D158FF6414}"
EndProject
Project("{FAE04EC0-301F-11D3-BF4B-00C04F79EFBC}") = "Department.Infrastructure", "Department.Infrastructure\Department.Infrastructure.csproj", "{57D4BFB7-FB68-4375-8FF8-ECB2586A23DC}"
EndProject
Project("{FAE04EC0-301F-11D3-BF4B-00C04F79EFBC}") = "Department.Application", "Department.Application\Department.Application.csproj", "{B16CF6E2-987A-4BD5-BA36-BAAB496BC2B3}"
EndProject
Project("{2150E333-8FDC-42A3-9474-1A3956D46DE8}") = "PayrollService", "PayrollService", "{A29A4994-2C34-4493-AFEB-B98FFA1C3F99}"
EndProject
Project("{FAE04EC0-301F-11D3-BF4B-00C04F79EFBC}") = "Payroll.API", "Payroll.API\Payroll.API.csproj", "{BD2C354E-2912-46CB-8928-3CBD6AADBFAC}"
EndProject
Project("{FAE04EC0-301F-11D3-BF4B-00C04F79EFBC}") = "Payroll.Application", "Payroll.Application\Payroll.Application.csproj", "{12B495C6-821D-49AA-809A-0FC009E74A34}"
EndProject
Project("{FAE04EC0-301F-11D3-BF4B-00C04F79EFBC}") = "Payroll.core", "Payroll.core\Payroll.core.csproj", "{1B35A2DE-5AC4-4960-B506-8BD5862B4928}"
EndProject
Project("{FAE04EC0-301F-11D3-BF4B-00C04F79EFBC}") = "Payroll.Infrastructure", "Payroll.Infrastructure\Payroll.Infrastructure.csproj", "{569B8B00-EDF3-41DB-8000-FCDB3AC4B57F}"
EndProject
Project("{FAE04EC0-301F-11D3-BF4B-00C04F79EFBC}") = "MyEmployee.Test", "MyEmployee.Test\MyEmployee.Test.csproj", "{7F4B552F-50C6-46AC-A0E7-109E14D1604D}"
EndProject
Project("{FAE04EC0-301F-11D3-BF4B-00C04F79EFBC}") = "TestDepartment.Test", "TestDepartment.Test\TestDepartment.Test.csproj", "{487C9F0B-FDF1-4512-ADD1-2A93AF6D0B1B}"
EndProject
Project("{FAE04EC0-301F-11D3-BF4B-00C04F79EFBC}") = "TestPayroll.Test", "TestPayroll.Test\TestPayroll.Test.csproj", "{3549AD60-B296-44C5-B0E0-05810951F1FA}"
EndProject
Project("{2150E333-8FDC-42A3-9474-1A3956D46DE8}") = "UnitTesting_TestCases", "UnitTesting_TestCases", "{3E25FD94-AD66-4AA4-90A3-3D32AD13B5DA}"
EndProject
Project("{2150E333-8FDC-42A3-9474-1A3956D46DE8}") = "UnitTesting_WithGithubCopilot", "UnitTesting_WithGithubCopilot", "{4D986E12-8980-49C3-9C6A-CAA129F0783E}"
EndProject
Project("{FAE04EC0-301F-11D3-BF4B-00C04F79EFBC}") = "EmployeeTestWithGithubCopolit.Test", "EmployeeTestWithGithubCopolit.Test\EmployeeTestWithGithubCopolit.Test.csproj", "{3E842807-9E4A-4257-A39C-37CD4A8DCB9B}"
EndProject
Project("{FAE04EC0-301F-11D3-BF4B-00C04F79EFBC}") = "DepartmentTestWithGithubCopilot", "DepartmentTestWithGithubCopilot\DepartmentTestWithGithubCopilot.csproj", "{0FFE440A-080B-44DB-B511-5F29EE68880A}"
EndProject
Project("{FAE04EC0-301F-11D3-BF4B-00C04F79EFBC}") = "PayrollService.Test", "PayrollService.Test\PayrollService.Test.csproj", "{4E90CA03-B138-4697-B42D-D3F4829F68C5}"
EndProject
Project("{2150E333-8FDC-42A3-9474-1A3956D46DE8}") = "NotificationService", "NotificationService", "{5F01D840-C9FB-4914-99D8-E0927E010596}"
EndProject
Project("{FAE04EC0-301F-11D3-BF4B-00C04F79EFBC}") = "Notification.API", "Notification.API\Notification.API.csproj", "{F59E163A-963F-4D8D-BC72-1010D2D5DA1E}"
EndProject
Project("{FAE04EC0-301F-11D3-BF4B-00C04F79EFBC}") = "Notification.Core", "Notification.Core\Notification.Core.csproj", "{A51A5FF5-04D1-4CAA-98A7-72B2566501FA}"
EndProject
Project("{FAE04EC0-301F-11D3-BF4B-00C04F79EFBC}") = "Nofication.Application", "Nofication.Application\Nofication.Application.csproj", "{627F1C1F-7D71-4EEB-9227-37C658D326FD}"
EndProject
Project("{FAE04EC0-301F-11D3-BF4B-00C04F79EFBC}") = "Notification.Infrastructure", "Notification.Infrastructure\Notification.Infrastructure.csproj", "{EDB05DEB-1D56-44EF-8BB4-0FB78E880DB8}"
EndProject
Project("{FAE04EC0-301F-11D3-BF4B-00C04F79EFBC}") = "Shared", "Shared\Shared.csproj", "{E4EE8594-B212-41A3-B28B-9926587713C9}"
EndProject
Project("{2150E333-8FDC-42A3-9474-1A3956D46DE8}") = "Solution Items", "Solution Items", "{8EC462FD-D22E-90A8-E5CE-7E832BA40C5D}"
	ProjectSection(SolutionItems) = preProject
		docker-compose.yml = docker-compose.yml
	EndProjectSection
EndProject
Global
	GlobalSection(SolutionConfigurationPlatforms) = preSolution
		Debug|Any CPU = Debug|Any CPU
		Release|Any CPU = Release|Any CPU
	EndGlobalSection
	GlobalSection(ProjectConfigurationPlatforms) = postSolution
		{CB001568-01C8-4C91-B512-0DF4F0416041}.Debug|Any CPU.ActiveCfg = Debug|Any CPU
		{CB001568-01C8-4C91-B512-0DF4F0416041}.Debug|Any CPU.Build.0 = Debug|Any CPU
		{CB001568-01C8-4C91-B512-0DF4F0416041}.Release|Any CPU.ActiveCfg = Release|Any CPU
		{CB001568-01C8-4C91-B512-0DF4F0416041}.Release|Any CPU.Build.0 = Release|Any CPU
		{AA7C668E-E910-444C-B14D-0A14D76732BB}.Debug|Any CPU.ActiveCfg = Debug|Any CPU
		{AA7C668E-E910-444C-B14D-0A14D76732BB}.Debug|Any CPU.Build.0 = Debug|Any CPU
		{AA7C668E-E910-444C-B14D-0A14D76732BB}.Release|Any CPU.ActiveCfg = Release|Any CPU
		{AA7C668E-E910-444C-B14D-0A14D76732BB}.Release|Any CPU.Build.0 = Release|Any CPU
		{60FD652F-0A9C-41C0-8942-C81CDCA907AF}.Debug|Any CPU.ActiveCfg = Debug|Any CPU
		{60FD652F-0A9C-41C0-8942-C81CDCA907AF}.Debug|Any CPU.Build.0 = Debug|Any CPU
		{60FD652F-0A9C-41C0-8942-C81CDCA907AF}.Release|Any CPU.ActiveCfg = Release|Any CPU
		{60FD652F-0A9C-41C0-8942-C81CDCA907AF}.Release|Any CPU.Build.0 = Release|Any CPU
		{C098FBB4-9AB0-4683-B97F-E717AA30ED4D}.Debug|Any CPU.ActiveCfg = Debug|Any CPU
		{C098FBB4-9AB0-4683-B97F-E717AA30ED4D}.Debug|Any CPU.Build.0 = Debug|Any CPU
		{C098FBB4-9AB0-4683-B97F-E717AA30ED4D}.Release|Any CPU.ActiveCfg = Release|Any CPU
		{C098FBB4-9AB0-4683-B97F-E717AA30ED4D}.Release|Any CPU.Build.0 = Release|Any CPU
		{20078EA8-8BC9-403A-A621-3099D97BBF5B}.Debug|Any CPU.ActiveCfg = Debug|Any CPU
		{20078EA8-8BC9-403A-A621-3099D97BBF5B}.Debug|Any CPU.Build.0 = Debug|Any CPU
		{20078EA8-8BC9-403A-A621-3099D97BBF5B}.Release|Any CPU.ActiveCfg = Release|Any CPU
		{20078EA8-8BC9-403A-A621-3099D97BBF5B}.Release|Any CPU.Build.0 = Release|Any CPU
		{D4FA2928-E41C-4843-B54C-44D158FF6414}.Debug|Any CPU.ActiveCfg = Debug|Any CPU
		{D4FA2928-E41C-4843-B54C-44D158FF6414}.Debug|Any CPU.Build.0 = Debug|Any CPU
		{D4FA2928-E41C-4843-B54C-44D158FF6414}.Release|Any CPU.ActiveCfg = Release|Any CPU
		{D4FA2928-E41C-4843-B54C-44D158FF6414}.Release|Any CPU.Build.0 = Release|Any CPU
		{57D4BFB7-FB68-4375-8FF8-ECB2586A23DC}.Debug|Any CPU.ActiveCfg = Debug|Any CPU
		{57D4BFB7-FB68-4375-8FF8-ECB2586A23DC}.Debug|Any CPU.Build.0 = Debug|Any CPU
		{57D4BFB7-FB68-4375-8FF8-ECB2586A23DC}.Release|Any CPU.ActiveCfg = Release|Any CPU
		{57D4BFB7-FB68-4375-8FF8-ECB2586A23DC}.Release|Any CPU.Build.0 = Release|Any CPU
		{B16CF6E2-987A-4BD5-BA36-BAAB496BC2B3}.Debug|Any CPU.ActiveCfg = Debug|Any CPU
		{B16CF6E2-987A-4BD5-BA36-BAAB496BC2B3}.Debug|Any CPU.Build.0 = Debug|Any CPU
		{B16CF6E2-987A-4BD5-BA36-BAAB496BC2B3}.Release|Any CPU.ActiveCfg = Release|Any CPU
		{B16CF6E2-987A-4BD5-BA36-BAAB496BC2B3}.Release|Any CPU.Build.0 = Release|Any CPU
		{BD2C354E-2912-46CB-8928-3CBD6AADBFAC}.Debug|Any CPU.ActiveCfg = Debug|Any CPU
		{BD2C354E-2912-46CB-8928-3CBD6AADBFAC}.Debug|Any CPU.Build.0 = Debug|Any CPU
		{BD2C354E-2912-46CB-8928-3CBD6AADBFAC}.Release|Any CPU.ActiveCfg = Release|Any CPU
		{BD2C354E-2912-46CB-8928-3CBD6AADBFAC}.Release|Any CPU.Build.0 = Release|Any CPU
		{12B495C6-821D-49AA-809A-0FC009E74A34}.Debug|Any CPU.ActiveCfg = Debug|Any CPU
		{12B495C6-821D-49AA-809A-0FC009E74A34}.Debug|Any CPU.Build.0 = Debug|Any CPU
		{12B495C6-821D-49AA-809A-0FC009E74A34}.Release|Any CPU.ActiveCfg = Release|Any CPU
		{12B495C6-821D-49AA-809A-0FC009E74A34}.Release|Any CPU.Build.0 = Release|Any CPU
		{1B35A2DE-5AC4-4960-B506-8BD5862B4928}.Debug|Any CPU.ActiveCfg = Debug|Any CPU
		{1B35A2DE-5AC4-4960-B506-8BD5862B4928}.Debug|Any CPU.Build.0 = Debug|Any CPU
		{1B35A2DE-5AC4-4960-B506-8BD5862B4928}.Release|Any CPU.ActiveCfg = Release|Any CPU
		{1B35A2DE-5AC4-4960-B506-8BD5862B4928}.Release|Any CPU.Build.0 = Release|Any CPU
		{569B8B00-EDF3-41DB-8000-FCDB3AC4B57F}.Debug|Any CPU.ActiveCfg = Debug|Any CPU
		{569B8B00-EDF3-41DB-8000-FCDB3AC4B57F}.Debug|Any CPU.Build.0 = Debug|Any CPU
		{569B8B00-EDF3-41DB-8000-FCDB3AC4B57F}.Release|Any CPU.ActiveCfg = Release|Any CPU
		{569B8B00-EDF3-41DB-8000-FCDB3AC4B57F}.Release|Any CPU.Build.0 = Release|Any CPU
		{7F4B552F-50C6-46AC-A0E7-109E14D1604D}.Debug|Any CPU.ActiveCfg = Debug|Any CPU
		{7F4B552F-50C6-46AC-A0E7-109E14D1604D}.Debug|Any CPU.Build.0 = Debug|Any CPU
		{7F4B552F-50C6-46AC-A0E7-109E14D1604D}.Release|Any CPU.ActiveCfg = Release|Any CPU
		{7F4B552F-50C6-46AC-A0E7-109E14D1604D}.Release|Any CPU.Build.0 = Release|Any CPU
		{487C9F0B-FDF1-4512-ADD1-2A93AF6D0B1B}.Debug|Any CPU.ActiveCfg = Debug|Any CPU
		{487C9F0B-FDF1-4512-ADD1-2A93AF6D0B1B}.Debug|Any CPU.Build.0 = Debug|Any CPU
		{487C9F0B-FDF1-4512-ADD1-2A93AF6D0B1B}.Release|Any CPU.ActiveCfg = Release|Any CPU
		{487C9F0B-FDF1-4512-ADD1-2A93AF6D0B1B}.Release|Any CPU.Build.0 = Release|Any CPU
		{3549AD60-B296-44C5-B0E0-05810951F1FA}.Debug|Any CPU.ActiveCfg = Debug|Any CPU
		{3549AD60-B296-44C5-B0E0-05810951F1FA}.Debug|Any CPU.Build.0 = Debug|Any CPU
		{3549AD60-B296-44C5-B0E0-05810951F1FA}.Release|Any CPU.ActiveCfg = Release|Any CPU
		{3549AD60-B296-44C5-B0E0-05810951F1FA}.Release|Any CPU.Build.0 = Release|Any CPU
		{3E842807-9E4A-4257-A39C-37CD4A8DCB9B}.Debug|Any CPU.ActiveCfg = Debug|Any CPU
		{3E842807-9E4A-4257-A39C-37CD4A8DCB9B}.Debug|Any CPU.Build.0 = Debug|Any CPU
		{3E842807-9E4A-4257-A39C-37CD4A8DCB9B}.Release|Any CPU.ActiveCfg = Release|Any CPU
		{3E842807-9E4A-4257-A39C-37CD4A8DCB9B}.Release|Any CPU.Build.0 = Release|Any CPU
		{0FFE440A-080B-44DB-B511-5F29EE68880A}.Debug|Any CPU.ActiveCfg = Debug|Any CPU
		{0FFE440A-080B-44DB-B511-5F29EE68880A}.Debug|Any CPU.Build.0 = Debug|Any CPU
		{0FFE440A-080B-44DB-B511-5F29EE68880A}.Release|Any CPU.ActiveCfg = Release|Any CPU
		{0FFE440A-080B-44DB-B511-5F29EE68880A}.Release|Any CPU.Build.0 = Release|Any CPU
		{4E90CA03-B138-4697-B42D-D3F4829F68C5}.Debug|Any CPU.ActiveCfg = Debug|Any CPU
		{4E90CA03-B138-4697-B42D-D3F4829F68C5}.Debug|Any CPU.Build.0 = Debug|Any CPU
		{4E90CA03-B138-4697-B42D-D3F4829F68C5}.Release|Any CPU.ActiveCfg = Release|Any CPU
		{4E90CA03-B138-4697-B42D-D3F4829F68C5}.Release|Any CPU.Build.0 = Release|Any CPU
		{F59E163A-963F-4D8D-BC72-1010D2D5DA1E}.Debug|Any CPU.ActiveCfg = Debug|Any CPU
		{F59E163A-963F-4D8D-BC72-1010D2D5DA1E}.Debug|Any CPU.Build.0 = Debug|Any CPU
		{F59E163A-963F-4D8D-BC72-1010D2D5DA1E}.Release|Any CPU.ActiveCfg = Release|Any CPU
		{F59E163A-963F-4D8D-BC72-1010D2D5DA1E}.Release|Any CPU.Build.0 = Release|Any CPU
		{A51A5FF5-04D1-4CAA-98A7-72B2566501FA}.Debug|Any CPU.ActiveCfg = Debug|Any CPU
		{A51A5FF5-04D1-4CAA-98A7-72B2566501FA}.Debug|Any CPU.Build.0 = Debug|Any CPU
		{A51A5FF5-04D1-4CAA-98A7-72B2566501FA}.Release|Any CPU.ActiveCfg = Release|Any CPU
		{A51A5FF5-04D1-4CAA-98A7-72B2566501FA}.Release|Any CPU.Build.0 = Release|Any CPU
		{627F1C1F-7D71-4EEB-9227-37C658D326FD}.Debug|Any CPU.ActiveCfg = Debug|Any CPU
		{627F1C1F-7D71-4EEB-9227-37C658D326FD}.Debug|Any CPU.Build.0 = Debug|Any CPU
		{627F1C1F-7D71-4EEB-9227-37C658D326FD}.Release|Any CPU.ActiveCfg = Release|Any CPU
		{627F1C1F-7D71-4EEB-9227-37C658D326FD}.Release|Any CPU.Build.0 = Release|Any CPU
		{EDB05DEB-1D56-44EF-8BB4-0FB78E880DB8}.Debug|Any CPU.ActiveCfg = Debug|Any CPU
		{EDB05DEB-1D56-44EF-8BB4-0FB78E880DB8}.Debug|Any CPU.Build.0 = Debug|Any CPU
		{EDB05DEB-1D56-44EF-8BB4-0FB78E880DB8}.Release|Any CPU.ActiveCfg = Release|Any CPU
		{EDB05DEB-1D56-44EF-8BB4-0FB78E880DB8}.Release|Any CPU.Build.0 = Release|Any CPU
		{E4EE8594-B212-41A3-B28B-9926587713C9}.Debug|Any CPU.ActiveCfg = Debug|Any CPU
		{E4EE8594-B212-41A3-B28B-9926587713C9}.Debug|Any CPU.Build.0 = Debug|Any CPU
		{E4EE8594-B212-41A3-B28B-9926587713C9}.Release|Any CPU.ActiveCfg = Release|Any CPU
		{E4EE8594-B212-41A3-B28B-9926587713C9}.Release|Any CPU.Build.0 = Release|Any CPU
	EndGlobalSection
	GlobalSection(SolutionProperties) = preSolution
		HideSolutionNode = FALSE
	EndGlobalSection
	GlobalSection(NestedProjects) = preSolution
		{CB001568-01C8-4C91-B512-0DF4F0416041} = {02EA681E-C7D8-13C7-8484-4AC65E1B71E8}
		{AA7C668E-E910-444C-B14D-0A14D76732BB} = {02EA681E-C7D8-13C7-8484-4AC65E1B71E8}
		{60FD652F-0A9C-41C0-8942-C81CDCA907AF} = {02EA681E-C7D8-13C7-8484-4AC65E1B71E8}
		{C098FBB4-9AB0-4683-B97F-E717AA30ED4D} = {02EA681E-C7D8-13C7-8484-4AC65E1B71E8}
		{20078EA8-8BC9-403A-A621-3099D97BBF5B} = {B23364BE-C196-407D-A065-884F095655F9}
		{D4FA2928-E41C-4843-B54C-44D158FF6414} = {B23364BE-C196-407D-A065-884F095655F9}
		{57D4BFB7-FB68-4375-8FF8-ECB2586A23DC} = {B23364BE-C196-407D-A065-884F095655F9}
		{B16CF6E2-987A-4BD5-BA36-BAAB496BC2B3} = {B23364BE-C196-407D-A065-884F095655F9}
		{BD2C354E-2912-46CB-8928-3CBD6AADBFAC} = {A29A4994-2C34-4493-AFEB-B98FFA1C3F99}
		{12B495C6-821D-49AA-809A-0FC009E74A34} = {A29A4994-2C34-4493-AFEB-B98FFA1C3F99}
		{1B35A2DE-5AC4-4960-B506-8BD5862B4928} = {A29A4994-2C34-4493-AFEB-B98FFA1C3F99}
		{569B8B00-EDF3-41DB-8000-FCDB3AC4B57F} = {A29A4994-2C34-4493-AFEB-B98FFA1C3F99}
		{7F4B552F-50C6-46AC-A0E7-109E14D1604D} = {3E25FD94-AD66-4AA4-90A3-3D32AD13B5DA}
		{487C9F0B-FDF1-4512-ADD1-2A93AF6D0B1B} = {3E25FD94-AD66-4AA4-90A3-3D32AD13B5DA}
		{3549AD60-B296-44C5-B0E0-05810951F1FA} = {3E25FD94-AD66-4AA4-90A3-3D32AD13B5DA}
		{3E842807-9E4A-4257-A39C-37CD4A8DCB9B} = {4D986E12-8980-49C3-9C6A-CAA129F0783E}
		{0FFE440A-080B-44DB-B511-5F29EE68880A} = {4D986E12-8980-49C3-9C6A-CAA129F0783E}
		{4E90CA03-B138-4697-B42D-D3F4829F68C5} = {4D986E12-8980-49C3-9C6A-CAA129F0783E}
		{F59E163A-963F-4D8D-BC72-1010D2D5DA1E} = {5F01D840-C9FB-4914-99D8-E0927E010596}
		{A51A5FF5-04D1-4CAA-98A7-72B2566501FA} = {5F01D840-C9FB-4914-99D8-E0927E010596}
		{627F1C1F-7D71-4EEB-9227-37C658D326FD} = {5F01D840-C9FB-4914-99D8-E0927E010596}
		{EDB05DEB-1D56-44EF-8BB4-0FB78E880DB8} = {5F01D840-C9FB-4914-99D8-E0927E010596}
	EndGlobalSection
	GlobalSection(ExtensibilityGlobals) = postSolution
		SolutionGuid = {C638ADFF-DA66-452E-8284-D011D5677112}
	EndGlobalSection
EndGlobal
